// !$*UTF8*$!
{
	archiveVersion = 1;
	classes = {
	};
	objectVersion = 51;
	objects = {

/* Begin PBXBuildFile section */
		0EF9E44587023A4B603015F4 /* Pods_OClock_OClockUITests.framework in Frameworks */ = {isa = PBXBuildFile; fileRef = CD80F41F2F35B218DF9E6E38 /* Pods_OClock_OClockUITests.framework */; };
		1EF687275E043FD1538462B0 /* Pods_OClockTests.framework in Frameworks */ = {isa = PBXBuildFile; fileRef = 9C8D777E0F2F4BDCF4B734E9 /* Pods_OClockTests.framework */; };
		9D068641278A328C0009A6B9 /* GoogleService-Info.plist in Resources */ = {isa = PBXBuildFile; fileRef = 9D068640278A328C0009A6B9 /* GoogleService-Info.plist */; };
		9D06866B278A3FB20009A6B9 /* LoginViewService.swift in Sources */ = {isa = PBXBuildFile; fileRef = 9D06866A278A3FB20009A6B9 /* LoginViewService.swift */; };
		9D068676278A45630009A6B9 /* PersonalRegisterViewCoordinator.swift in Sources */ = {isa = PBXBuildFile; fileRef = 9D068675278A45630009A6B9 /* PersonalRegisterViewCoordinator.swift */; };
		9D06867E278A45850009A6B9 /* PersonalRegisterViewController.swift in Sources */ = {isa = PBXBuildFile; fileRef = 9D06867D278A45850009A6B9 /* PersonalRegisterViewController.swift */; };
		9D068683278A45950009A6B9 /* PersonalRegisterView.swift in Sources */ = {isa = PBXBuildFile; fileRef = 9D068682278A45950009A6B9 /* PersonalRegisterView.swift */; };
		9D068688278A45A10009A6B9 /* PersonalRegisterViewModel.swift in Sources */ = {isa = PBXBuildFile; fileRef = 9D068687278A45A10009A6B9 /* PersonalRegisterViewModel.swift */; };
		9D06868D278A45B10009A6B9 /* PersonalRegisterViewService.swift in Sources */ = {isa = PBXBuildFile; fileRef = 9D06868C278A45B10009A6B9 /* PersonalRegisterViewService.swift */; };
		9D068692278A45C00009A6B9 /* TimeDataRegisterViewCoordinator.swift in Sources */ = {isa = PBXBuildFile; fileRef = 9D068691278A45C00009A6B9 /* TimeDataRegisterViewCoordinator.swift */; };
		9D068697278A45D30009A6B9 /* TimeDataRegisterViewController.swift in Sources */ = {isa = PBXBuildFile; fileRef = 9D068696278A45D30009A6B9 /* TimeDataRegisterViewController.swift */; };
		9D06869C278A45E90009A6B9 /* TimeDataRegisterView.swift in Sources */ = {isa = PBXBuildFile; fileRef = 9D06869B278A45E90009A6B9 /* TimeDataRegisterView.swift */; };
		9D0686A1278A45FD0009A6B9 /* TimeDataRegisterViewModel.swift in Sources */ = {isa = PBXBuildFile; fileRef = 9D0686A0278A45FD0009A6B9 /* TimeDataRegisterViewModel.swift */; };
		9D0686A6278A460C0009A6B9 /* TimeDataRegisterViewService.swift in Sources */ = {isa = PBXBuildFile; fileRef = 9D0686A5278A460C0009A6B9 /* TimeDataRegisterViewService.swift */; };
		9D0686AB278A4FA30009A6B9 /* RegisterModel.swift in Sources */ = {isa = PBXBuildFile; fileRef = 9D0686AA278A4FA30009A6B9 /* RegisterModel.swift */; };
		9D231BF327977E1C00DCCB25 /* UserDefaultValue.swift in Sources */ = {isa = PBXBuildFile; fileRef = 9D231BF227977E1C00DCCB25 /* UserDefaultValue.swift */; };
		9D231BF82797818700DCCB25 /* LoginModel.swift in Sources */ = {isa = PBXBuildFile; fileRef = 9D231BF72797818700DCCB25 /* LoginModel.swift */; };
		9D231BFE2797875000DCCB25 /* tabBarController.swift in Sources */ = {isa = PBXBuildFile; fileRef = 9D231BFD2797875000DCCB25 /* tabBarController.swift */; };
		9D399716273C12FB00600544 /* SceneDelegate.swift in Sources */ = {isa = PBXBuildFile; fileRef = 9D399715273C12FB00600544 /* SceneDelegate.swift */; };
		9D399720273C12FD00600544 /* LaunchScreen.storyboard in Resources */ = {isa = PBXBuildFile; fileRef = 9D39971E273C12FD00600544 /* LaunchScreen.storyboard */; };
		9D39972B273C12FE00600544 /* OClockTests.swift in Sources */ = {isa = PBXBuildFile; fileRef = 9D39972A273C12FE00600544 /* OClockTests.swift */; };
		9D399736273C12FE00600544 /* OClockUITests.swift in Sources */ = {isa = PBXBuildFile; fileRef = 9D399735273C12FE00600544 /* OClockUITests.swift */; };
		9D399754273C136E00600544 /* AppDelegate.swift in Sources */ = {isa = PBXBuildFile; fileRef = 9D399753273C136E00600544 /* AppDelegate.swift */; };
		9D399777273C13FB00600544 /* LoginView.swift in Sources */ = {isa = PBXBuildFile; fileRef = 9D399772273C13EB00600544 /* LoginView.swift */; };
		9D39977B273C13FD00600544 /* LoginViewController.swift in Sources */ = {isa = PBXBuildFile; fileRef = 9D399773273C13EB00600544 /* LoginViewController.swift */; };
		9D39977F273C140000600544 /* LognViewCoordinator.swift in Sources */ = {isa = PBXBuildFile; fileRef = 9D399770273C13EB00600544 /* LognViewCoordinator.swift */; };
		9D399783273C140300600544 /* LoginViewModel.swift in Sources */ = {isa = PBXBuildFile; fileRef = 9D399771273C13EB00600544 /* LoginViewModel.swift */; };
		9D40AA98279A156D009C493E /* RFKMiniLoader.swift in Sources */ = {isa = PBXBuildFile; fileRef = 9D40AA97279A156D009C493E /* RFKMiniLoader.swift */; };
		9D46A4CA2784EF27009FA50F /* RFKolors.swift in Sources */ = {isa = PBXBuildFile; fileRef = 9D46A4C92784EF27009FA50F /* RFKolors.swift */; };
		9D46A4CF2784F107009FA50F /* RegisterViewService.swift in Sources */ = {isa = PBXBuildFile; fileRef = 9D46A4CE2784F107009FA50F /* RegisterViewService.swift */; };
		9D46A4EC27850BD5009FA50F /* RFKitRoundedImageView.swift in Sources */ = {isa = PBXBuildFile; fileRef = 9D46A4EB27850BD5009FA50F /* RFKitRoundedImageView.swift */; };
		9D46DBE027C2FFAB00EA0A44 /* CustomImages.swift in Sources */ = {isa = PBXBuildFile; fileRef = 9D46DBDF27C2FFAB00EA0A44 /* CustomImages.swift */; };
		9D4EF1D327DAD206003A4583 /* TimerCentral.swift in Sources */ = {isa = PBXBuildFile; fileRef = 9D4EF1D227DAD206003A4583 /* TimerCentral.swift */; };
		9D4F3D9627456DF0004D7FD8 /* CoordinatorProtocol.swift in Sources */ = {isa = PBXBuildFile; fileRef = 9D4F3D9227456DD7004D7FD8 /* CoordinatorProtocol.swift */; };
		9D4F3DA527457092004D7FD8 /* RegisterViewController.swift in Sources */ = {isa = PBXBuildFile; fileRef = 9D4F3DA427457092004D7FD8 /* RegisterViewController.swift */; };
		9D4F3DAA2745709F004D7FD8 /* RegisterViewModel.swift in Sources */ = {isa = PBXBuildFile; fileRef = 9D4F3DA92745709F004D7FD8 /* RegisterViewModel.swift */; };
		9D4F3DB0274570AD004D7FD8 /* RegisterView.swift in Sources */ = {isa = PBXBuildFile; fileRef = 9D4F3DAF274570AD004D7FD8 /* RegisterView.swift */; };
		9D4F3DBB274570BE004D7FD8 /* RegisterViewCoordinator.swift in Sources */ = {isa = PBXBuildFile; fileRef = 9D4F3DBA274570BE004D7FD8 /* RegisterViewCoordinator.swift */; };
		9D4F3DCD2745897A004D7FD8 /* Extensions.swift in Sources */ = {isa = PBXBuildFile; fileRef = 9D4F3DCC2745897A004D7FD8 /* Extensions.swift */; };
		9D5CCD9A27938E53000CA720 /* RFKProgress.swift in Sources */ = {isa = PBXBuildFile; fileRef = 9D5CCD9927938E53000CA720 /* RFKProgress.swift */; };
		9D5D918127A257E9004FB869 /* ConfigViewService.swift in Sources */ = {isa = PBXBuildFile; fileRef = 9D5D918027A257E9004FB869 /* ConfigViewService.swift */; };
		9D6037B82795FE6B006B991C /* DataBase.swift in Sources */ = {isa = PBXBuildFile; fileRef = 9D6037B72795FE6B006B991C /* DataBase.swift */; };
		9D6091C227CC37010067A254 /* RFKIndicatorView.swift in Sources */ = {isa = PBXBuildFile; fileRef = 9D6091C127CC37010067A254 /* RFKIndicatorView.swift */; };
		9D6091C427CC3DF40067A254 /* RFKErrorView.swift in Sources */ = {isa = PBXBuildFile; fileRef = 9D6091C327CC3DF40067A254 /* RFKErrorView.swift */; };
		9D6324FA27D0692300C122A3 /* TimeDataRegisterModel.swift in Sources */ = {isa = PBXBuildFile; fileRef = 9D6324F927D0692300C122A3 /* TimeDataRegisterModel.swift */; };
		9D646FC827E11AB000375ED0 /* HealthViewController.swift in Sources */ = {isa = PBXBuildFile; fileRef = 9D646FC727E11AB000375ED0 /* HealthViewController.swift */; };
		9D646FCA27E11AC100375ED0 /* HealthView.swift in Sources */ = {isa = PBXBuildFile; fileRef = 9D646FC927E11AC100375ED0 /* HealthView.swift */; };
		9D646FCC27E11AD600375ED0 /* HealthViewModel.swift in Sources */ = {isa = PBXBuildFile; fileRef = 9D646FCB27E11AD600375ED0 /* HealthViewModel.swift */; };
		9D646FCE27E11AF500375ED0 /* HealthService.swift in Sources */ = {isa = PBXBuildFile; fileRef = 9D646FCD27E11AF500375ED0 /* HealthService.swift */; };
		9D68F78B278A9D970036CBAB /* RFKDividerView.swift in Sources */ = {isa = PBXBuildFile; fileRef = 9D68F78A278A9D970036CBAB /* RFKDividerView.swift */; };
		9D7192AB27C6F37300C3849E /* PreRegisterCoordinator.swift in Sources */ = {isa = PBXBuildFile; fileRef = 9D7192AA27C6F37300C3849E /* PreRegisterCoordinator.swift */; };
		9D7192AD27C6F38600C3849E /* PreRegisterView.swift in Sources */ = {isa = PBXBuildFile; fileRef = 9D7192AC27C6F38500C3849E /* PreRegisterView.swift */; };
		9D7192AF27C6F39300C3849E /* PreRegisterViewModel.swift in Sources */ = {isa = PBXBuildFile; fileRef = 9D7192AE27C6F39300C3849E /* PreRegisterViewModel.swift */; };
		9D7192B127C6F3A200C3849E /* PreRegisterViewController.swift in Sources */ = {isa = PBXBuildFile; fileRef = 9D7192B027C6F3A200C3849E /* PreRegisterViewController.swift */; };
		9D74176A2786520A007BCF6A /* HomeViewController.swift in Sources */ = {isa = PBXBuildFile; fileRef = 9D7417692786520A007BCF6A /* HomeViewController.swift */; };
		9D74176F27865218007BCF6A /* HomeViewCoordinator.swift in Sources */ = {isa = PBXBuildFile; fileRef = 9D74176E27865218007BCF6A /* HomeViewCoordinator.swift */; };
		9D74177427865221007BCF6A /* HomeView.swift in Sources */ = {isa = PBXBuildFile; fileRef = 9D74177327865221007BCF6A /* HomeView.swift */; };
		9D7417792786522A007BCF6A /* HomeViewModel.swift in Sources */ = {isa = PBXBuildFile; fileRef = 9D7417782786522A007BCF6A /* HomeViewModel.swift */; };
		9D765BBF2741786400AF5884 /* RFKGradient.swift in Sources */ = {isa = PBXBuildFile; fileRef = 9D765BBE2741786400AF5884 /* RFKGradient.swift */; };
		9D765BC4274184B600AF5884 /* RFKitTextField.swift in Sources */ = {isa = PBXBuildFile; fileRef = 9D765BC3274184B600AF5884 /* RFKitTextField.swift */; };
		9D765BD12741982B00AF5884 /* Quicksand-SemiBold.ttf in Resources */ = {isa = PBXBuildFile; fileRef = 9D765BCC2741982B00AF5884 /* Quicksand-SemiBold.ttf */; };
		9D765BD22741982B00AF5884 /* Quicksand-Medium.ttf in Resources */ = {isa = PBXBuildFile; fileRef = 9D765BCD2741982B00AF5884 /* Quicksand-Medium.ttf */; };
		9D765BD32741982B00AF5884 /* Quicksand-Light.ttf in Resources */ = {isa = PBXBuildFile; fileRef = 9D765BCE2741982B00AF5884 /* Quicksand-Light.ttf */; };
		9D765BD42741982B00AF5884 /* Quicksand-Bold.ttf in Resources */ = {isa = PBXBuildFile; fileRef = 9D765BCF2741982B00AF5884 /* Quicksand-Bold.ttf */; };
		9D765BD52741982B00AF5884 /* Quicksand-Regular.ttf in Resources */ = {isa = PBXBuildFile; fileRef = 9D765BD02741982B00AF5884 /* Quicksand-Regular.ttf */; };
		9D765BDA274198FA00AF5884 /* RFontsK.swift in Sources */ = {isa = PBXBuildFile; fileRef = 9D765BD9274198FA00AF5884 /* RFontsK.swift */; };
		9D765BDF27419A4800AF5884 /* RFKitButton.swift in Sources */ = {isa = PBXBuildFile; fileRef = 9D765BDE27419A4800AF5884 /* RFKitButton.swift */; };
		9D76A2E6278BA47C0092C3D4 /* Assets.xcassets in Resources */ = {isa = PBXBuildFile; fileRef = 9D76A2E5278BA47C0092C3D4 /* Assets.xcassets */; };
		9D7E7CCC279228C400336E2B /* HomeViewService.swift in Sources */ = {isa = PBXBuildFile; fileRef = 9D7E7CCB279228C400336E2B /* HomeViewService.swift */; };
		9D7E7CD127922C7C00336E2B /* HomeModel.swift in Sources */ = {isa = PBXBuildFile; fileRef = 9D7E7CD027922C7C00336E2B /* HomeModel.swift */; };
		9D9B8FDB278F983D00680D4A /* Localizable.strings in Resources */ = {isa = PBXBuildFile; fileRef = 9D9B8FDD278F983D00680D4A /* Localizable.strings */; };
		9D9B9041278FACA500680D4A /* RFKSize.swift in Sources */ = {isa = PBXBuildFile; fileRef = 9D9B9040278FACA500680D4A /* RFKSize.swift */; };
		9DA2D1C327DA69180045171E /* NotificationCentral.swift in Sources */ = {isa = PBXBuildFile; fileRef = 9DA2D1C227DA69180045171E /* NotificationCentral.swift */; };
		9DC334B927E5B03300741E14 /* ReportTableViewCell.swift in Sources */ = {isa = PBXBuildFile; fileRef = 9DC334B827E5B03300741E14 /* ReportTableViewCell.swift */; };
		9DC334BC27E5BF0200741E14 /* secReportView.swift in Sources */ = {isa = PBXBuildFile; fileRef = 9DC334BB27E5BF0200741E14 /* secReportView.swift */; };
		9DC334BE27E5BF1300741E14 /* secReportViewController.swift in Sources */ = {isa = PBXBuildFile; fileRef = 9DC334BD27E5BF1200741E14 /* secReportViewController.swift */; };
		9DC334C027E5BF2100741E14 /* secReportViewModel.swift in Sources */ = {isa = PBXBuildFile; fileRef = 9DC334BF27E5BF2100741E14 /* secReportViewModel.swift */; };
		9DC334C227E5BF2A00741E14 /* secReportModel.swift in Sources */ = {isa = PBXBuildFile; fileRef = 9DC334C127E5BF2A00741E14 /* secReportModel.swift */; };
		9DC334C427E5BF3700741E14 /* secReportCoordinator.swift in Sources */ = {isa = PBXBuildFile; fileRef = 9DC334C327E5BF3700741E14 /* secReportCoordinator.swift */; };
		9DD91706279792FC0015947E /* tabBarCoordinator.swift in Sources */ = {isa = PBXBuildFile; fileRef = 9DD91705279792FC0015947E /* tabBarCoordinator.swift */; };
		9DD9170C2797974A0015947E /* ConfigCoordinator.swift in Sources */ = {isa = PBXBuildFile; fileRef = 9DD9170B2797974A0015947E /* ConfigCoordinator.swift */; };
		9DD91711279797660015947E /* ConfigViewController.swift in Sources */ = {isa = PBXBuildFile; fileRef = 9DD91710279797660015947E /* ConfigViewController.swift */; };
		9DD91716279797810015947E /* ConfigView.swift in Sources */ = {isa = PBXBuildFile; fileRef = 9DD91715279797810015947E /* ConfigView.swift */; };
		9DD9171B2797978C0015947E /* ConfigViewModel.swift in Sources */ = {isa = PBXBuildFile; fileRef = 9DD9171A2797978C0015947E /* ConfigViewModel.swift */; };
		9DEBDC2027E2A9660003F579 /* ReportView.swift in Sources */ = {isa = PBXBuildFile; fileRef = 9DEBDC1F27E2A9660003F579 /* ReportView.swift */; };
		9DEBDC2227E2A97C0003F579 /* ReportViewController.swift in Sources */ = {isa = PBXBuildFile; fileRef = 9DEBDC2127E2A97C0003F579 /* ReportViewController.swift */; };
		9DEBDC2427E2A98C0003F579 /* ReportViewModel.swift in Sources */ = {isa = PBXBuildFile; fileRef = 9DEBDC2327E2A98C0003F579 /* ReportViewModel.swift */; };
		9DEBDC2627E2AAAA0003F579 /* ReportService.swift in Sources */ = {isa = PBXBuildFile; fileRef = 9DEBDC2527E2AAAA0003F579 /* ReportService.swift */; };
		9DEF4CF9279615AE00750AF2 /* UserDataCoordinator.swift in Sources */ = {isa = PBXBuildFile; fileRef = 9DEF4CF8279615AE00750AF2 /* UserDataCoordinator.swift */; };
		9DEF4D012796162C00750AF2 /* UserDataViewController.swift in Sources */ = {isa = PBXBuildFile; fileRef = 9DEF4D002796162C00750AF2 /* UserDataViewController.swift */; };
		9DEF4D062796166C00750AF2 /* UserDataView.swift in Sources */ = {isa = PBXBuildFile; fileRef = 9DEF4D052796166C00750AF2 /* UserDataView.swift */; };
		9DEF4D0B279616A300750AF2 /* UserDataViewModel.swift in Sources */ = {isa = PBXBuildFile; fileRef = 9DEF4D0A279616A300750AF2 /* UserDataViewModel.swift */; };
		9DFD178E2790E2EF004E4CBF /* Assets.xcassets in Resources */ = {isa = PBXBuildFile; fileRef = 9DFD178D2790E2EF004E4CBF /* Assets.xcassets */; };
		A1C3F9B44DAE6DFE06A169F9 /* Pods_OClock.framework in Frameworks */ = {isa = PBXBuildFile; fileRef = 263FB1740A2521E26139F800 /* Pods_OClock.framework */; };
/* End PBXBuildFile section */

/* Begin PBXContainerItemProxy section */
		9D399727273C12FE00600544 /* PBXContainerItemProxy */ = {
			isa = PBXContainerItemProxy;
			containerPortal = 9D399708273C12FB00600544 /* Project object */;
			proxyType = 1;
			remoteGlobalIDString = 9D39970F273C12FB00600544;
			remoteInfo = OClock;
		};
		9D399732273C12FE00600544 /* PBXContainerItemProxy */ = {
			isa = PBXContainerItemProxy;
			containerPortal = 9D399708273C12FB00600544 /* Project object */;
			proxyType = 1;
			remoteGlobalIDString = 9D39970F273C12FB00600544;
			remoteInfo = OClock;
		};
/* End PBXContainerItemProxy section */

/* Begin PBXFileReference section */
		18E3AA3EF39A074F3F5ECDF6 /* Pods-OClockTests.release.xcconfig */ = {isa = PBXFileReference; includeInIndex = 1; lastKnownFileType = text.xcconfig; name = "Pods-OClockTests.release.xcconfig"; path = "Target Support Files/Pods-OClockTests/Pods-OClockTests.release.xcconfig"; sourceTree = "<group>"; };
		21E4A428FCFB6F8F9FD652EE /* Pods-OClock-OClockUITests.release.xcconfig */ = {isa = PBXFileReference; includeInIndex = 1; lastKnownFileType = text.xcconfig; name = "Pods-OClock-OClockUITests.release.xcconfig"; path = "Target Support Files/Pods-OClock-OClockUITests/Pods-OClock-OClockUITests.release.xcconfig"; sourceTree = "<group>"; };
		263FB1740A2521E26139F800 /* Pods_OClock.framework */ = {isa = PBXFileReference; explicitFileType = wrapper.framework; includeInIndex = 0; path = Pods_OClock.framework; sourceTree = BUILT_PRODUCTS_DIR; };
		2D4A291902B93705CA4318C3 /* Pods-OClock-OClockUITests.debug.xcconfig */ = {isa = PBXFileReference; includeInIndex = 1; lastKnownFileType = text.xcconfig; name = "Pods-OClock-OClockUITests.debug.xcconfig"; path = "Target Support Files/Pods-OClock-OClockUITests/Pods-OClock-OClockUITests.debug.xcconfig"; sourceTree = "<group>"; };
		8D3FDD809C87958DA008105F /* Pods-OClock.release.xcconfig */ = {isa = PBXFileReference; includeInIndex = 1; lastKnownFileType = text.xcconfig; name = "Pods-OClock.release.xcconfig"; path = "Target Support Files/Pods-OClock/Pods-OClock.release.xcconfig"; sourceTree = "<group>"; };
		9C8D777E0F2F4BDCF4B734E9 /* Pods_OClockTests.framework */ = {isa = PBXFileReference; explicitFileType = wrapper.framework; includeInIndex = 0; path = Pods_OClockTests.framework; sourceTree = BUILT_PRODUCTS_DIR; };
		9D068640278A328C0009A6B9 /* GoogleService-Info.plist */ = {isa = PBXFileReference; fileEncoding = 4; lastKnownFileType = text.plist.xml; path = "GoogleService-Info.plist"; sourceTree = "<group>"; };
		9D06866A278A3FB20009A6B9 /* LoginViewService.swift */ = {isa = PBXFileReference; lastKnownFileType = sourcecode.swift; path = LoginViewService.swift; sourceTree = "<group>"; };
		9D068675278A45630009A6B9 /* PersonalRegisterViewCoordinator.swift */ = {isa = PBXFileReference; lastKnownFileType = sourcecode.swift; path = PersonalRegisterViewCoordinator.swift; sourceTree = "<group>"; };
		9D06867D278A45850009A6B9 /* PersonalRegisterViewController.swift */ = {isa = PBXFileReference; lastKnownFileType = sourcecode.swift; path = PersonalRegisterViewController.swift; sourceTree = "<group>"; };
		9D068682278A45950009A6B9 /* PersonalRegisterView.swift */ = {isa = PBXFileReference; lastKnownFileType = sourcecode.swift; path = PersonalRegisterView.swift; sourceTree = "<group>"; };
		9D068687278A45A10009A6B9 /* PersonalRegisterViewModel.swift */ = {isa = PBXFileReference; lastKnownFileType = sourcecode.swift; path = PersonalRegisterViewModel.swift; sourceTree = "<group>"; };
		9D06868C278A45B10009A6B9 /* PersonalRegisterViewService.swift */ = {isa = PBXFileReference; lastKnownFileType = sourcecode.swift; path = PersonalRegisterViewService.swift; sourceTree = "<group>"; };
		9D068691278A45C00009A6B9 /* TimeDataRegisterViewCoordinator.swift */ = {isa = PBXFileReference; lastKnownFileType = sourcecode.swift; path = TimeDataRegisterViewCoordinator.swift; sourceTree = "<group>"; };
		9D068696278A45D30009A6B9 /* TimeDataRegisterViewController.swift */ = {isa = PBXFileReference; lastKnownFileType = sourcecode.swift; path = TimeDataRegisterViewController.swift; sourceTree = "<group>"; };
		9D06869B278A45E90009A6B9 /* TimeDataRegisterView.swift */ = {isa = PBXFileReference; lastKnownFileType = sourcecode.swift; path = TimeDataRegisterView.swift; sourceTree = "<group>"; };
		9D0686A0278A45FD0009A6B9 /* TimeDataRegisterViewModel.swift */ = {isa = PBXFileReference; lastKnownFileType = sourcecode.swift; path = TimeDataRegisterViewModel.swift; sourceTree = "<group>"; };
		9D0686A5278A460C0009A6B9 /* TimeDataRegisterViewService.swift */ = {isa = PBXFileReference; lastKnownFileType = sourcecode.swift; path = TimeDataRegisterViewService.swift; sourceTree = "<group>"; };
		9D0686AA278A4FA30009A6B9 /* RegisterModel.swift */ = {isa = PBXFileReference; lastKnownFileType = sourcecode.swift; path = RegisterModel.swift; sourceTree = "<group>"; };
		9D231BF227977E1C00DCCB25 /* UserDefaultValue.swift */ = {isa = PBXFileReference; lastKnownFileType = sourcecode.swift; path = UserDefaultValue.swift; sourceTree = "<group>"; };
		9D231BF72797818700DCCB25 /* LoginModel.swift */ = {isa = PBXFileReference; lastKnownFileType = sourcecode.swift; path = LoginModel.swift; sourceTree = "<group>"; };
		9D231BFD2797875000DCCB25 /* tabBarController.swift */ = {isa = PBXFileReference; lastKnownFileType = sourcecode.swift; path = tabBarController.swift; sourceTree = "<group>"; };
		9D399710273C12FB00600544 /* OClock.app */ = {isa = PBXFileReference; explicitFileType = wrapper.application; includeInIndex = 0; path = OClock.app; sourceTree = BUILT_PRODUCTS_DIR; };
		9D399715273C12FB00600544 /* SceneDelegate.swift */ = {isa = PBXFileReference; lastKnownFileType = sourcecode.swift; path = SceneDelegate.swift; sourceTree = "<group>"; };
		9D39971F273C12FD00600544 /* Base */ = {isa = PBXFileReference; lastKnownFileType = file.storyboard; name = Base; path = Base.lproj/LaunchScreen.storyboard; sourceTree = "<group>"; };
		9D399721273C12FD00600544 /* Info.plist */ = {isa = PBXFileReference; lastKnownFileType = text.plist.xml; path = Info.plist; sourceTree = "<group>"; };
		9D399726273C12FE00600544 /* OClockTests.xctest */ = {isa = PBXFileReference; explicitFileType = wrapper.cfbundle; includeInIndex = 0; path = OClockTests.xctest; sourceTree = BUILT_PRODUCTS_DIR; };
		9D39972A273C12FE00600544 /* OClockTests.swift */ = {isa = PBXFileReference; lastKnownFileType = sourcecode.swift; path = OClockTests.swift; sourceTree = "<group>"; };
		9D39972C273C12FE00600544 /* Info.plist */ = {isa = PBXFileReference; lastKnownFileType = text.plist.xml; path = Info.plist; sourceTree = "<group>"; };
		9D399731273C12FE00600544 /* OClockUITests.xctest */ = {isa = PBXFileReference; explicitFileType = wrapper.cfbundle; includeInIndex = 0; path = OClockUITests.xctest; sourceTree = BUILT_PRODUCTS_DIR; };
		9D399735273C12FE00600544 /* OClockUITests.swift */ = {isa = PBXFileReference; lastKnownFileType = sourcecode.swift; path = OClockUITests.swift; sourceTree = "<group>"; };
		9D399737273C12FE00600544 /* Info.plist */ = {isa = PBXFileReference; lastKnownFileType = text.plist.xml; path = Info.plist; sourceTree = "<group>"; };
		9D399753273C136E00600544 /* AppDelegate.swift */ = {isa = PBXFileReference; fileEncoding = 4; lastKnownFileType = sourcecode.swift; path = AppDelegate.swift; sourceTree = "<group>"; };
		9D399770273C13EB00600544 /* LognViewCoordinator.swift */ = {isa = PBXFileReference; lastKnownFileType = sourcecode.swift; path = LognViewCoordinator.swift; sourceTree = "<group>"; };
		9D399771273C13EB00600544 /* LoginViewModel.swift */ = {isa = PBXFileReference; lastKnownFileType = sourcecode.swift; path = LoginViewModel.swift; sourceTree = "<group>"; };
		9D399772273C13EB00600544 /* LoginView.swift */ = {isa = PBXFileReference; lastKnownFileType = sourcecode.swift; path = LoginView.swift; sourceTree = "<group>"; };
		9D399773273C13EB00600544 /* LoginViewController.swift */ = {isa = PBXFileReference; lastKnownFileType = sourcecode.swift; path = LoginViewController.swift; sourceTree = "<group>"; };
		9D40AA97279A156D009C493E /* RFKMiniLoader.swift */ = {isa = PBXFileReference; lastKnownFileType = sourcecode.swift; path = RFKMiniLoader.swift; sourceTree = "<group>"; };
		9D46A4C92784EF27009FA50F /* RFKolors.swift */ = {isa = PBXFileReference; lastKnownFileType = sourcecode.swift; path = RFKolors.swift; sourceTree = "<group>"; };
		9D46A4CE2784F107009FA50F /* RegisterViewService.swift */ = {isa = PBXFileReference; lastKnownFileType = sourcecode.swift; path = RegisterViewService.swift; sourceTree = "<group>"; };
		9D46A4EB27850BD5009FA50F /* RFKitRoundedImageView.swift */ = {isa = PBXFileReference; lastKnownFileType = sourcecode.swift; path = RFKitRoundedImageView.swift; sourceTree = "<group>"; };
		9D46DBDF27C2FFAB00EA0A44 /* CustomImages.swift */ = {isa = PBXFileReference; fileEncoding = 4; lastKnownFileType = sourcecode.swift; path = CustomImages.swift; sourceTree = "<group>"; };
		9D4EF1D227DAD206003A4583 /* TimerCentral.swift */ = {isa = PBXFileReference; lastKnownFileType = sourcecode.swift; path = TimerCentral.swift; sourceTree = "<group>"; };
		9D4F3D9227456DD7004D7FD8 /* CoordinatorProtocol.swift */ = {isa = PBXFileReference; lastKnownFileType = sourcecode.swift; path = CoordinatorProtocol.swift; sourceTree = "<group>"; };
		9D4F3DA427457092004D7FD8 /* RegisterViewController.swift */ = {isa = PBXFileReference; lastKnownFileType = sourcecode.swift; path = RegisterViewController.swift; sourceTree = "<group>"; };
		9D4F3DA92745709F004D7FD8 /* RegisterViewModel.swift */ = {isa = PBXFileReference; lastKnownFileType = sourcecode.swift; path = RegisterViewModel.swift; sourceTree = "<group>"; };
		9D4F3DAF274570AD004D7FD8 /* RegisterView.swift */ = {isa = PBXFileReference; lastKnownFileType = sourcecode.swift; path = RegisterView.swift; sourceTree = "<group>"; };
		9D4F3DBA274570BE004D7FD8 /* RegisterViewCoordinator.swift */ = {isa = PBXFileReference; lastKnownFileType = sourcecode.swift; path = RegisterViewCoordinator.swift; sourceTree = "<group>"; };
		9D4F3DCC2745897A004D7FD8 /* Extensions.swift */ = {isa = PBXFileReference; lastKnownFileType = sourcecode.swift; path = Extensions.swift; sourceTree = "<group>"; };
		9D5CCD9927938E53000CA720 /* RFKProgress.swift */ = {isa = PBXFileReference; lastKnownFileType = sourcecode.swift; path = RFKProgress.swift; sourceTree = "<group>"; };
		9D5D918027A257E9004FB869 /* ConfigViewService.swift */ = {isa = PBXFileReference; lastKnownFileType = sourcecode.swift; path = ConfigViewService.swift; sourceTree = "<group>"; };
		9D6037B72795FE6B006B991C /* DataBase.swift */ = {isa = PBXFileReference; lastKnownFileType = sourcecode.swift; path = DataBase.swift; sourceTree = "<group>"; };
		9D6091C127CC37010067A254 /* RFKIndicatorView.swift */ = {isa = PBXFileReference; lastKnownFileType = sourcecode.swift; path = RFKIndicatorView.swift; sourceTree = "<group>"; };
		9D6091C327CC3DF40067A254 /* RFKErrorView.swift */ = {isa = PBXFileReference; lastKnownFileType = sourcecode.swift; path = RFKErrorView.swift; sourceTree = "<group>"; };
		9D6324F927D0692300C122A3 /* TimeDataRegisterModel.swift */ = {isa = PBXFileReference; lastKnownFileType = sourcecode.swift; path = TimeDataRegisterModel.swift; sourceTree = "<group>"; };
		9D646FC727E11AB000375ED0 /* HealthViewController.swift */ = {isa = PBXFileReference; lastKnownFileType = sourcecode.swift; path = HealthViewController.swift; sourceTree = "<group>"; };
		9D646FC927E11AC100375ED0 /* HealthView.swift */ = {isa = PBXFileReference; lastKnownFileType = sourcecode.swift; path = HealthView.swift; sourceTree = "<group>"; };
		9D646FCB27E11AD600375ED0 /* HealthViewModel.swift */ = {isa = PBXFileReference; lastKnownFileType = sourcecode.swift; path = HealthViewModel.swift; sourceTree = "<group>"; };
		9D646FCD27E11AF500375ED0 /* HealthService.swift */ = {isa = PBXFileReference; lastKnownFileType = sourcecode.swift; path = HealthService.swift; sourceTree = "<group>"; };
		9D68F78A278A9D970036CBAB /* RFKDividerView.swift */ = {isa = PBXFileReference; lastKnownFileType = sourcecode.swift; path = RFKDividerView.swift; sourceTree = "<group>"; };
		9D7192AA27C6F37300C3849E /* PreRegisterCoordinator.swift */ = {isa = PBXFileReference; lastKnownFileType = sourcecode.swift; path = PreRegisterCoordinator.swift; sourceTree = "<group>"; };
		9D7192AC27C6F38500C3849E /* PreRegisterView.swift */ = {isa = PBXFileReference; lastKnownFileType = sourcecode.swift; path = PreRegisterView.swift; sourceTree = "<group>"; };
		9D7192AE27C6F39300C3849E /* PreRegisterViewModel.swift */ = {isa = PBXFileReference; lastKnownFileType = sourcecode.swift; path = PreRegisterViewModel.swift; sourceTree = "<group>"; };
		9D7192B027C6F3A200C3849E /* PreRegisterViewController.swift */ = {isa = PBXFileReference; lastKnownFileType = sourcecode.swift; path = PreRegisterViewController.swift; sourceTree = "<group>"; };
		9D7417692786520A007BCF6A /* HomeViewController.swift */ = {isa = PBXFileReference; lastKnownFileType = sourcecode.swift; path = HomeViewController.swift; sourceTree = "<group>"; };
		9D74176E27865218007BCF6A /* HomeViewCoordinator.swift */ = {isa = PBXFileReference; lastKnownFileType = sourcecode.swift; path = HomeViewCoordinator.swift; sourceTree = "<group>"; };
		9D74177327865221007BCF6A /* HomeView.swift */ = {isa = PBXFileReference; lastKnownFileType = sourcecode.swift; path = HomeView.swift; sourceTree = "<group>"; };
		9D7417782786522A007BCF6A /* HomeViewModel.swift */ = {isa = PBXFileReference; lastKnownFileType = sourcecode.swift; path = HomeViewModel.swift; sourceTree = "<group>"; };
		9D765BBE2741786400AF5884 /* RFKGradient.swift */ = {isa = PBXFileReference; lastKnownFileType = sourcecode.swift; path = RFKGradient.swift; sourceTree = "<group>"; };
		9D765BC3274184B600AF5884 /* RFKitTextField.swift */ = {isa = PBXFileReference; lastKnownFileType = sourcecode.swift; path = RFKitTextField.swift; sourceTree = "<group>"; };
		9D765BCC2741982B00AF5884 /* Quicksand-SemiBold.ttf */ = {isa = PBXFileReference; lastKnownFileType = file; path = "Quicksand-SemiBold.ttf"; sourceTree = "<group>"; };
		9D765BCD2741982B00AF5884 /* Quicksand-Medium.ttf */ = {isa = PBXFileReference; lastKnownFileType = file; path = "Quicksand-Medium.ttf"; sourceTree = "<group>"; };
		9D765BCE2741982B00AF5884 /* Quicksand-Light.ttf */ = {isa = PBXFileReference; lastKnownFileType = file; path = "Quicksand-Light.ttf"; sourceTree = "<group>"; };
		9D765BCF2741982B00AF5884 /* Quicksand-Bold.ttf */ = {isa = PBXFileReference; lastKnownFileType = file; path = "Quicksand-Bold.ttf"; sourceTree = "<group>"; };
		9D765BD02741982B00AF5884 /* Quicksand-Regular.ttf */ = {isa = PBXFileReference; lastKnownFileType = file; path = "Quicksand-Regular.ttf"; sourceTree = "<group>"; };
		9D765BD9274198FA00AF5884 /* RFontsK.swift */ = {isa = PBXFileReference; lastKnownFileType = sourcecode.swift; path = RFontsK.swift; sourceTree = "<group>"; };
		9D765BDE27419A4800AF5884 /* RFKitButton.swift */ = {isa = PBXFileReference; lastKnownFileType = sourcecode.swift; path = RFKitButton.swift; sourceTree = "<group>"; };
		9D76A2E5278BA47C0092C3D4 /* Assets.xcassets */ = {isa = PBXFileReference; lastKnownFileType = folder.assetcatalog; path = Assets.xcassets; sourceTree = "<group>"; };
		9D7E7CCB279228C400336E2B /* HomeViewService.swift */ = {isa = PBXFileReference; lastKnownFileType = sourcecode.swift; path = HomeViewService.swift; sourceTree = "<group>"; };
		9D7E7CD027922C7C00336E2B /* HomeModel.swift */ = {isa = PBXFileReference; lastKnownFileType = sourcecode.swift; path = HomeModel.swift; sourceTree = "<group>"; };
		9D9B8FD2278F97D600680D4A /* pt-BR */ = {isa = PBXFileReference; lastKnownFileType = text.plist.strings; name = "pt-BR"; path = "pt-BR.lproj/LaunchScreen.strings"; sourceTree = "<group>"; };
		9D9B8FDC278F983D00680D4A /* en */ = {isa = PBXFileReference; lastKnownFileType = text.plist.strings; name = en; path = en.lproj/Localizable.strings; sourceTree = "<group>"; };
		9D9B8FE1278F984500680D4A /* pt-BR */ = {isa = PBXFileReference; lastKnownFileType = text.plist.strings; name = "pt-BR"; path = "pt-BR.lproj/Localizable.strings"; sourceTree = "<group>"; };
		9D9B9040278FACA500680D4A /* RFKSize.swift */ = {isa = PBXFileReference; lastKnownFileType = sourcecode.swift; path = RFKSize.swift; sourceTree = "<group>"; };
		9DA2D1C227DA69180045171E /* NotificationCentral.swift */ = {isa = PBXFileReference; lastKnownFileType = sourcecode.swift; path = NotificationCentral.swift; sourceTree = "<group>"; };
		9DC334B827E5B03300741E14 /* ReportTableViewCell.swift */ = {isa = PBXFileReference; lastKnownFileType = sourcecode.swift; path = ReportTableViewCell.swift; sourceTree = "<group>"; };
		9DC334BB27E5BF0200741E14 /* secReportView.swift */ = {isa = PBXFileReference; lastKnownFileType = sourcecode.swift; path = secReportView.swift; sourceTree = "<group>"; };
		9DC334BD27E5BF1200741E14 /* secReportViewController.swift */ = {isa = PBXFileReference; lastKnownFileType = sourcecode.swift; path = secReportViewController.swift; sourceTree = "<group>"; };
		9DC334BF27E5BF2100741E14 /* secReportViewModel.swift */ = {isa = PBXFileReference; lastKnownFileType = sourcecode.swift; path = secReportViewModel.swift; sourceTree = "<group>"; };
		9DC334C127E5BF2A00741E14 /* secReportModel.swift */ = {isa = PBXFileReference; lastKnownFileType = sourcecode.swift; path = secReportModel.swift; sourceTree = "<group>"; };
		9DC334C327E5BF3700741E14 /* secReportCoordinator.swift */ = {isa = PBXFileReference; lastKnownFileType = sourcecode.swift; path = secReportCoordinator.swift; sourceTree = "<group>"; };
		9DD91705279792FC0015947E /* tabBarCoordinator.swift */ = {isa = PBXFileReference; lastKnownFileType = sourcecode.swift; path = tabBarCoordinator.swift; sourceTree = "<group>"; };
		9DD9170B2797974A0015947E /* ConfigCoordinator.swift */ = {isa = PBXFileReference; lastKnownFileType = sourcecode.swift; path = ConfigCoordinator.swift; sourceTree = "<group>"; };
		9DD91710279797660015947E /* ConfigViewController.swift */ = {isa = PBXFileReference; lastKnownFileType = sourcecode.swift; path = ConfigViewController.swift; sourceTree = "<group>"; };
		9DD91715279797810015947E /* ConfigView.swift */ = {isa = PBXFileReference; lastKnownFileType = sourcecode.swift; path = ConfigView.swift; sourceTree = "<group>"; };
		9DD9171A2797978C0015947E /* ConfigViewModel.swift */ = {isa = PBXFileReference; lastKnownFileType = sourcecode.swift; path = ConfigViewModel.swift; sourceTree = "<group>"; };
		9DEBDC1F27E2A9660003F579 /* ReportView.swift */ = {isa = PBXFileReference; lastKnownFileType = sourcecode.swift; path = ReportView.swift; sourceTree = "<group>"; };
		9DEBDC2127E2A97C0003F579 /* ReportViewController.swift */ = {isa = PBXFileReference; lastKnownFileType = sourcecode.swift; path = ReportViewController.swift; sourceTree = "<group>"; };
		9DEBDC2327E2A98C0003F579 /* ReportViewModel.swift */ = {isa = PBXFileReference; lastKnownFileType = sourcecode.swift; path = ReportViewModel.swift; sourceTree = "<group>"; };
		9DEBDC2527E2AAAA0003F579 /* ReportService.swift */ = {isa = PBXFileReference; lastKnownFileType = sourcecode.swift; path = ReportService.swift; sourceTree = "<group>"; };
		9DEF4CF8279615AE00750AF2 /* UserDataCoordinator.swift */ = {isa = PBXFileReference; lastKnownFileType = sourcecode.swift; path = UserDataCoordinator.swift; sourceTree = "<group>"; };
		9DEF4D002796162C00750AF2 /* UserDataViewController.swift */ = {isa = PBXFileReference; lastKnownFileType = sourcecode.swift; path = UserDataViewController.swift; sourceTree = "<group>"; };
		9DEF4D052796166C00750AF2 /* UserDataView.swift */ = {isa = PBXFileReference; lastKnownFileType = sourcecode.swift; path = UserDataView.swift; sourceTree = "<group>"; };
		9DEF4D0A279616A300750AF2 /* UserDataViewModel.swift */ = {isa = PBXFileReference; lastKnownFileType = sourcecode.swift; path = UserDataViewModel.swift; sourceTree = "<group>"; };
		9DFD178D2790E2EF004E4CBF /* Assets.xcassets */ = {isa = PBXFileReference; lastKnownFileType = folder.assetcatalog; path = Assets.xcassets; sourceTree = "<group>"; };
		B9E3AC5C9E42F0185B9A9B30 /* Pods-OClock.debug.xcconfig */ = {isa = PBXFileReference; includeInIndex = 1; lastKnownFileType = text.xcconfig; name = "Pods-OClock.debug.xcconfig"; path = "Target Support Files/Pods-OClock/Pods-OClock.debug.xcconfig"; sourceTree = "<group>"; };
		CD80F41F2F35B218DF9E6E38 /* Pods_OClock_OClockUITests.framework */ = {isa = PBXFileReference; explicitFileType = wrapper.framework; includeInIndex = 0; path = Pods_OClock_OClockUITests.framework; sourceTree = BUILT_PRODUCTS_DIR; };
		FEEDB1F8E9B1D66C3C4FAB2B /* Pods-OClockTests.debug.xcconfig */ = {isa = PBXFileReference; includeInIndex = 1; lastKnownFileType = text.xcconfig; name = "Pods-OClockTests.debug.xcconfig"; path = "Target Support Files/Pods-OClockTests/Pods-OClockTests.debug.xcconfig"; sourceTree = "<group>"; };
/* End PBXFileReference section */

/* Begin PBXFrameworksBuildPhase section */
		9D39970D273C12FB00600544 /* Frameworks */ = {
			isa = PBXFrameworksBuildPhase;
			buildActionMask = 2147483647;
			files = (
				A1C3F9B44DAE6DFE06A169F9 /* Pods_OClock.framework in Frameworks */,
			);
			runOnlyForDeploymentPostprocessing = 0;
		};
		9D399723273C12FE00600544 /* Frameworks */ = {
			isa = PBXFrameworksBuildPhase;
			buildActionMask = 2147483647;
			files = (
				1EF687275E043FD1538462B0 /* Pods_OClockTests.framework in Frameworks */,
			);
			runOnlyForDeploymentPostprocessing = 0;
		};
		9D39972E273C12FE00600544 /* Frameworks */ = {
			isa = PBXFrameworksBuildPhase;
			buildActionMask = 2147483647;
			files = (
				0EF9E44587023A4B603015F4 /* Pods_OClock_OClockUITests.framework in Frameworks */,
			);
			runOnlyForDeploymentPostprocessing = 0;
		};
/* End PBXFrameworksBuildPhase section */

/* Begin PBXGroup section */
		1A8FDC2DB2EA7D9C59CA458B /* Pods */ = {
			isa = PBXGroup;
			children = (
				B9E3AC5C9E42F0185B9A9B30 /* Pods-OClock.debug.xcconfig */,
				8D3FDD809C87958DA008105F /* Pods-OClock.release.xcconfig */,
				2D4A291902B93705CA4318C3 /* Pods-OClock-OClockUITests.debug.xcconfig */,
				21E4A428FCFB6F8F9FD652EE /* Pods-OClock-OClockUITests.release.xcconfig */,
				FEEDB1F8E9B1D66C3C4FAB2B /* Pods-OClockTests.debug.xcconfig */,
				18E3AA3EF39A074F3F5ECDF6 /* Pods-OClockTests.release.xcconfig */,
			);
			path = Pods;
			sourceTree = "<group>";
		};
		7E429B1BE74739F6EAFA281A /* Frameworks */ = {
			isa = PBXGroup;
			children = (
				263FB1740A2521E26139F800 /* Pods_OClock.framework */,
				CD80F41F2F35B218DF9E6E38 /* Pods_OClock_OClockUITests.framework */,
				9C8D777E0F2F4BDCF4B734E9 /* Pods_OClockTests.framework */,
			);
			name = Frameworks;
			sourceTree = "<group>";
		};
		9D06866F278A44790009A6B9 /* LoginRegister */ = {
			isa = PBXGroup;
			children = (
				9D4F3DBA274570BE004D7FD8 /* RegisterViewCoordinator.swift */,
				9D4F3DA427457092004D7FD8 /* RegisterViewController.swift */,
				9D4F3DAF274570AD004D7FD8 /* RegisterView.swift */,
				9D4F3DA92745709F004D7FD8 /* RegisterViewModel.swift */,
				9D46A4CE2784F107009FA50F /* RegisterViewService.swift */,
				9D0686AA278A4FA30009A6B9 /* RegisterModel.swift */,
			);
			path = LoginRegister;
			sourceTree = "<group>";
		};
		9D068670278A44880009A6B9 /* PersonalRegister */ = {
			isa = PBXGroup;
			children = (
				9D068675278A45630009A6B9 /* PersonalRegisterViewCoordinator.swift */,
				9D06867D278A45850009A6B9 /* PersonalRegisterViewController.swift */,
				9D068682278A45950009A6B9 /* PersonalRegisterView.swift */,
				9D068687278A45A10009A6B9 /* PersonalRegisterViewModel.swift */,
				9D06868C278A45B10009A6B9 /* PersonalRegisterViewService.swift */,
			);
			path = PersonalRegister;
			sourceTree = "<group>";
		};
		9D068674278A44AE0009A6B9 /* TimeDataRegister */ = {
			isa = PBXGroup;
			children = (
				9D068691278A45C00009A6B9 /* TimeDataRegisterViewCoordinator.swift */,
				9D068696278A45D30009A6B9 /* TimeDataRegisterViewController.swift */,
				9D06869B278A45E90009A6B9 /* TimeDataRegisterView.swift */,
				9D0686A0278A45FD0009A6B9 /* TimeDataRegisterViewModel.swift */,
				9D0686A5278A460C0009A6B9 /* TimeDataRegisterViewService.swift */,
				9D6324F927D0692300C122A3 /* TimeDataRegisterModel.swift */,
			);
			path = TimeDataRegister;
			sourceTree = "<group>";
		};
		9D231BFC2797872A00DCCB25 /* Main */ = {
			isa = PBXGroup;
			children = (
				9DEBDC1E27E2A9530003F579 /* Report */,
				9D646FC627E11A5500375ED0 /* Health */,
				9DD9170A279797380015947E /* Config */,
				9D741768278651EA007BCF6A /* Home */,
				9D231BFD2797875000DCCB25 /* tabBarController.swift */,
				9DD91705279792FC0015947E /* tabBarCoordinator.swift */,
			);
			path = Main;
			sourceTree = "<group>";
		};
		9D399707273C12FB00600544 = {
			isa = PBXGroup;
			children = (
				9D399712273C12FB00600544 /* OClock */,
				9D399729273C12FE00600544 /* OClockTests */,
				9D399734273C12FE00600544 /* OClockUITests */,
				9D399711273C12FB00600544 /* Products */,
				1A8FDC2DB2EA7D9C59CA458B /* Pods */,
				7E429B1BE74739F6EAFA281A /* Frameworks */,
				9DFD17892790E27D004E4CBF /* Recovered References */,
			);
			sourceTree = "<group>";
		};
		9D399711273C12FB00600544 /* Products */ = {
			isa = PBXGroup;
			children = (
				9D399710273C12FB00600544 /* OClock.app */,
				9D399726273C12FE00600544 /* OClockTests.xctest */,
				9D399731273C12FE00600544 /* OClockUITests.xctest */,
			);
			name = Products;
			sourceTree = "<group>";
		};
		9D399712273C12FB00600544 /* OClock */ = {
			isa = PBXGroup;
			children = (
				9D231BFC2797872A00DCCB25 /* Main */,
				9DEF4CF72796157E00750AF2 /* userDataRegister */,
				9DFD178D2790E2EF004E4CBF /* Assets.xcassets */,
				9D39976F273C13E100600544 /* Login */,
				9D06866F278A44790009A6B9 /* LoginRegister */,
				9D9B9045278FACD400680D4A /* RFK */,
				9D4F3DA32745707B004D7FD8 /* Register */,
				9D765BCB2741981100AF5884 /* Font */,
				9D39976A273C13C000600544 /* Assets */,
				9D399769273C13B700600544 /* Components */,
				9D399753273C136E00600544 /* AppDelegate.swift */,
				9D399715273C12FB00600544 /* SceneDelegate.swift */,
				9D39971E273C12FD00600544 /* LaunchScreen.storyboard */,
				9D068640278A328C0009A6B9 /* GoogleService-Info.plist */,
				9D399721273C12FD00600544 /* Info.plist */,
				9D9B8FDD278F983D00680D4A /* Localizable.strings */,
			);
			path = OClock;
			sourceTree = "<group>";
		};
		9D399729273C12FE00600544 /* OClockTests */ = {
			isa = PBXGroup;
			children = (
				9D39972A273C12FE00600544 /* OClockTests.swift */,
				9D39972C273C12FE00600544 /* Info.plist */,
			);
			path = OClockTests;
			sourceTree = "<group>";
		};
		9D399734273C12FE00600544 /* OClockUITests */ = {
			isa = PBXGroup;
			children = (
				9D399735273C12FE00600544 /* OClockUITests.swift */,
				9D399737273C12FE00600544 /* Info.plist */,
			);
			path = OClockUITests;
			sourceTree = "<group>";
		};
		9D399769273C13B700600544 /* Components */ = {
			isa = PBXGroup;
			children = (
				9D765BD9274198FA00AF5884 /* RFontsK.swift */,
				9D46DBDF27C2FFAB00EA0A44 /* CustomImages.swift */,
				9D4F3DCC2745897A004D7FD8 /* Extensions.swift */,
			);
			path = Components;
			sourceTree = "<group>";
		};
		9D39976A273C13C000600544 /* Assets */ = {
			isa = PBXGroup;
			children = (
				9D4F3D9227456DD7004D7FD8 /* CoordinatorProtocol.swift */,
				9D6037B72795FE6B006B991C /* DataBase.swift */,
				9D231BF227977E1C00DCCB25 /* UserDefaultValue.swift */,
				9DA2D1C227DA69180045171E /* NotificationCentral.swift */,
				9D4EF1D227DAD206003A4583 /* TimerCentral.swift */,
			);
			path = Assets;
			sourceTree = "<group>";
		};
		9D39976F273C13E100600544 /* Login */ = {
			isa = PBXGroup;
			children = (
				9D399770273C13EB00600544 /* LognViewCoordinator.swift */,
				9D399773273C13EB00600544 /* LoginViewController.swift */,
				9D399772273C13EB00600544 /* LoginView.swift */,
				9D399771273C13EB00600544 /* LoginViewModel.swift */,
				9D06866A278A3FB20009A6B9 /* LoginViewService.swift */,
				9D231BF72797818700DCCB25 /* LoginModel.swift */,
			);
			path = Login;
			sourceTree = "<group>";
		};
		9D4F3DA32745707B004D7FD8 /* Register */ = {
			isa = PBXGroup;
			children = (
				9D7192A927C6F2DC00C3849E /* PreRegister */,
				9D068670278A44880009A6B9 /* PersonalRegister */,
				9D068674278A44AE0009A6B9 /* TimeDataRegister */,
			);
			path = Register;
			sourceTree = "<group>";
		};
		9D646FC627E11A5500375ED0 /* Health */ = {
			isa = PBXGroup;
			children = (
				9D646FC727E11AB000375ED0 /* HealthViewController.swift */,
				9D646FC927E11AC100375ED0 /* HealthView.swift */,
				9D646FCB27E11AD600375ED0 /* HealthViewModel.swift */,
				9D646FCD27E11AF500375ED0 /* HealthService.swift */,
			);
			path = Health;
			sourceTree = "<group>";
		};
		9D7192A927C6F2DC00C3849E /* PreRegister */ = {
			isa = PBXGroup;
			children = (
				9D7192AA27C6F37300C3849E /* PreRegisterCoordinator.swift */,
				9D7192B027C6F3A200C3849E /* PreRegisterViewController.swift */,
				9D7192AC27C6F38500C3849E /* PreRegisterView.swift */,
				9D7192AE27C6F39300C3849E /* PreRegisterViewModel.swift */,
			);
			path = PreRegister;
			sourceTree = "<group>";
		};
		9D741768278651EA007BCF6A /* Home */ = {
			isa = PBXGroup;
			children = (
				9D74176E27865218007BCF6A /* HomeViewCoordinator.swift */,
				9D7417692786520A007BCF6A /* HomeViewController.swift */,
				9D74177327865221007BCF6A /* HomeView.swift */,
				9D7417782786522A007BCF6A /* HomeViewModel.swift */,
				9D7E7CCB279228C400336E2B /* HomeViewService.swift */,
				9D7E7CD027922C7C00336E2B /* HomeModel.swift */,
			);
			path = Home;
			sourceTree = "<group>";
		};
		9D765BCB2741981100AF5884 /* Font */ = {
			isa = PBXGroup;
			children = (
				9D765BCF2741982B00AF5884 /* Quicksand-Bold.ttf */,
				9D765BCE2741982B00AF5884 /* Quicksand-Light.ttf */,
				9D765BCD2741982B00AF5884 /* Quicksand-Medium.ttf */,
				9D765BD02741982B00AF5884 /* Quicksand-Regular.ttf */,
				9D765BCC2741982B00AF5884 /* Quicksand-SemiBold.ttf */,
			);
			path = Font;
			sourceTree = "<group>";
		};
		9D9B9045278FACD400680D4A /* RFK */ = {
			isa = PBXGroup;
			children = (
				9D765BC3274184B600AF5884 /* RFKitTextField.swift */,
				9D765BDE27419A4800AF5884 /* RFKitButton.swift */,
				9D765BBE2741786400AF5884 /* RFKGradient.swift */,
				9D46A4C92784EF27009FA50F /* RFKolors.swift */,
				9D9B9040278FACA500680D4A /* RFKSize.swift */,
				9D46A4EB27850BD5009FA50F /* RFKitRoundedImageView.swift */,
				9D68F78A278A9D970036CBAB /* RFKDividerView.swift */,
				9D5CCD9927938E53000CA720 /* RFKProgress.swift */,
				9D40AA97279A156D009C493E /* RFKMiniLoader.swift */,
				9D6091C127CC37010067A254 /* RFKIndicatorView.swift */,
				9D6091C327CC3DF40067A254 /* RFKErrorView.swift */,
			);
			path = RFK;
			sourceTree = "<group>";
		};
		9DC334BA27E5BEEE00741E14 /* secReport */ = {
			isa = PBXGroup;
			children = (
				9DC334C327E5BF3700741E14 /* secReportCoordinator.swift */,
				9DC334BD27E5BF1200741E14 /* secReportViewController.swift */,
				9DC334BB27E5BF0200741E14 /* secReportView.swift */,
				9DC334BF27E5BF2100741E14 /* secReportViewModel.swift */,
				9DC334C127E5BF2A00741E14 /* secReportModel.swift */,
			);
			path = secReport;
			sourceTree = "<group>";
		};
		9DD9170A279797380015947E /* Config */ = {
			isa = PBXGroup;
			children = (
				9DD9170B2797974A0015947E /* ConfigCoordinator.swift */,
				9DD91710279797660015947E /* ConfigViewController.swift */,
				9DD91715279797810015947E /* ConfigView.swift */,
				9DD9171A2797978C0015947E /* ConfigViewModel.swift */,
				9D5D918027A257E9004FB869 /* ConfigViewService.swift */,
			);
			path = Config;
			sourceTree = "<group>";
		};
		9DEBDC1E27E2A9530003F579 /* Report */ = {
			isa = PBXGroup;
			children = (
				9DC334BA27E5BEEE00741E14 /* secReport */,
				9DEBDC2127E2A97C0003F579 /* ReportViewController.swift */,
				9DEBDC1F27E2A9660003F579 /* ReportView.swift */,
				9DEBDC2327E2A98C0003F579 /* ReportViewModel.swift */,
				9DEBDC2527E2AAAA0003F579 /* ReportService.swift */,
				9DC334B827E5B03300741E14 /* ReportTableViewCell.swift */,
			);
			path = Report;
			sourceTree = "<group>";
		};
		9DEF4CF72796157E00750AF2 /* userDataRegister */ = {
			isa = PBXGroup;
			children = (
				9DEF4CF8279615AE00750AF2 /* UserDataCoordinator.swift */,
				9DEF4D002796162C00750AF2 /* UserDataViewController.swift */,
				9DEF4D052796166C00750AF2 /* UserDataView.swift */,
				9DEF4D0A279616A300750AF2 /* UserDataViewModel.swift */,
			);
			path = userDataRegister;
			sourceTree = "<group>";
		};
		9DFD17892790E27D004E4CBF /* Recovered References */ = {
			isa = PBXGroup;
			children = (
				9D76A2E5278BA47C0092C3D4 /* Assets.xcassets */,
			);
			name = "Recovered References";
			sourceTree = "<group>";
		};
/* End PBXGroup section */

/* Begin PBXNativeTarget section */
		9D39970F273C12FB00600544 /* OClock */ = {
			isa = PBXNativeTarget;
			buildConfigurationList = 9D39973A273C12FE00600544 /* Build configuration list for PBXNativeTarget "OClock" */;
			buildPhases = (
				B1003CFF74BA7E4D11169714 /* [CP] Check Pods Manifest.lock */,
				9D39970C273C12FB00600544 /* Sources */,
				9D39970D273C12FB00600544 /* Frameworks */,
				9D39970E273C12FB00600544 /* Resources */,
				3C48221E62FE9A2BEB663D9F /* [CP] Embed Pods Frameworks */,
			);
			buildRules = (
			);
			dependencies = (
			);
			name = OClock;
			productName = OClock;
			productReference = 9D399710273C12FB00600544 /* OClock.app */;
			productType = "com.apple.product-type.application";
		};
		9D399725273C12FE00600544 /* OClockTests */ = {
			isa = PBXNativeTarget;
			buildConfigurationList = 9D39973D273C12FE00600544 /* Build configuration list for PBXNativeTarget "OClockTests" */;
			buildPhases = (
				9696DCDED37B85347B2CBD35 /* [CP] Check Pods Manifest.lock */,
				9D399722273C12FE00600544 /* Sources */,
				9D399723273C12FE00600544 /* Frameworks */,
				9D399724273C12FE00600544 /* Resources */,
			);
			buildRules = (
			);
			dependencies = (
				9D399728273C12FE00600544 /* PBXTargetDependency */,
			);
			name = OClockTests;
			productName = OClockTests;
			productReference = 9D399726273C12FE00600544 /* OClockTests.xctest */;
			productType = "com.apple.product-type.bundle.unit-test";
		};
		9D399730273C12FE00600544 /* OClockUITests */ = {
			isa = PBXNativeTarget;
			buildConfigurationList = 9D399740273C12FE00600544 /* Build configuration list for PBXNativeTarget "OClockUITests" */;
			buildPhases = (
				86FC455553B4491065EF4FF4 /* [CP] Check Pods Manifest.lock */,
				9D39972D273C12FE00600544 /* Sources */,
				9D39972E273C12FE00600544 /* Frameworks */,
				9D39972F273C12FE00600544 /* Resources */,
				0E07725269EDC618CE953F79 /* [CP] Embed Pods Frameworks */,
			);
			buildRules = (
			);
			dependencies = (
				9D399733273C12FE00600544 /* PBXTargetDependency */,
			);
			name = OClockUITests;
			productName = OClockUITests;
			productReference = 9D399731273C12FE00600544 /* OClockUITests.xctest */;
			productType = "com.apple.product-type.bundle.ui-testing";
		};
/* End PBXNativeTarget section */

/* Begin PBXProject section */
		9D399708273C12FB00600544 /* Project object */ = {
			isa = PBXProject;
			attributes = {
				LastSwiftUpdateCheck = 1240;
				LastUpgradeCheck = 1240;
				TargetAttributes = {
					9D39970F273C12FB00600544 = {
						CreatedOnToolsVersion = 12.4;
					};
					9D399725273C12FE00600544 = {
						CreatedOnToolsVersion = 12.4;
						TestTargetID = 9D39970F273C12FB00600544;
					};
					9D399730273C12FE00600544 = {
						CreatedOnToolsVersion = 12.4;
						TestTargetID = 9D39970F273C12FB00600544;
					};
				};
			};
			buildConfigurationList = 9D39970B273C12FB00600544 /* Build configuration list for PBXProject "OClock" */;
			compatibilityVersion = "Xcode 9.3";
			developmentRegion = en;
			hasScannedForEncodings = 0;
			knownRegions = (
				en,
				Base,
				"pt-BR",
			);
			mainGroup = 9D399707273C12FB00600544;
			productRefGroup = 9D399711273C12FB00600544 /* Products */;
			projectDirPath = "";
			projectRoot = "";
			targets = (
				9D39970F273C12FB00600544 /* OClock */,
				9D399725273C12FE00600544 /* OClockTests */,
				9D399730273C12FE00600544 /* OClockUITests */,
			);
		};
/* End PBXProject section */

/* Begin PBXResourcesBuildPhase section */
		9D39970E273C12FB00600544 /* Resources */ = {
			isa = PBXResourcesBuildPhase;
			buildActionMask = 2147483647;
			files = (
				9D765BD12741982B00AF5884 /* Quicksand-SemiBold.ttf in Resources */,
				9D068641278A328C0009A6B9 /* GoogleService-Info.plist in Resources */,
				9D765BD42741982B00AF5884 /* Quicksand-Bold.ttf in Resources */,
				9D765BD52741982B00AF5884 /* Quicksand-Regular.ttf in Resources */,
				9DFD178E2790E2EF004E4CBF /* Assets.xcassets in Resources */,
				9D9B8FDB278F983D00680D4A /* Localizable.strings in Resources */,
				9D765BD22741982B00AF5884 /* Quicksand-Medium.ttf in Resources */,
				9D399720273C12FD00600544 /* LaunchScreen.storyboard in Resources */,
				9D76A2E6278BA47C0092C3D4 /* Assets.xcassets in Resources */,
				9D765BD32741982B00AF5884 /* Quicksand-Light.ttf in Resources */,
			);
			runOnlyForDeploymentPostprocessing = 0;
		};
		9D399724273C12FE00600544 /* Resources */ = {
			isa = PBXResourcesBuildPhase;
			buildActionMask = 2147483647;
			files = (
			);
			runOnlyForDeploymentPostprocessing = 0;
		};
		9D39972F273C12FE00600544 /* Resources */ = {
			isa = PBXResourcesBuildPhase;
			buildActionMask = 2147483647;
			files = (
			);
			runOnlyForDeploymentPostprocessing = 0;
		};
/* End PBXResourcesBuildPhase section */

/* Begin PBXShellScriptBuildPhase section */
		0E07725269EDC618CE953F79 /* [CP] Embed Pods Frameworks */ = {
			isa = PBXShellScriptBuildPhase;
			buildActionMask = 2147483647;
			files = (
			);
			inputFileListPaths = (
				"${PODS_ROOT}/Target Support Files/Pods-OClock-OClockUITests/Pods-OClock-OClockUITests-frameworks-${CONFIGURATION}-input-files.xcfilelist",
			);
			name = "[CP] Embed Pods Frameworks";
			outputFileListPaths = (
				"${PODS_ROOT}/Target Support Files/Pods-OClock-OClockUITests/Pods-OClock-OClockUITests-frameworks-${CONFIGURATION}-output-files.xcfilelist",
			);
			runOnlyForDeploymentPostprocessing = 0;
			shellPath = /bin/sh;
			shellScript = "\"${PODS_ROOT}/Target Support Files/Pods-OClock-OClockUITests/Pods-OClock-OClockUITests-frameworks.sh\"\n";
			showEnvVarsInLog = 0;
		};
		3C48221E62FE9A2BEB663D9F /* [CP] Embed Pods Frameworks */ = {
			isa = PBXShellScriptBuildPhase;
			buildActionMask = 2147483647;
			files = (
			);
			inputFileListPaths = (
				"${PODS_ROOT}/Target Support Files/Pods-OClock/Pods-OClock-frameworks-${CONFIGURATION}-input-files.xcfilelist",
			);
			name = "[CP] Embed Pods Frameworks";
			outputFileListPaths = (
				"${PODS_ROOT}/Target Support Files/Pods-OClock/Pods-OClock-frameworks-${CONFIGURATION}-output-files.xcfilelist",
			);
			runOnlyForDeploymentPostprocessing = 0;
			shellPath = /bin/sh;
			shellScript = "\"${PODS_ROOT}/Target Support Files/Pods-OClock/Pods-OClock-frameworks.sh\"\n";
			showEnvVarsInLog = 0;
		};
		86FC455553B4491065EF4FF4 /* [CP] Check Pods Manifest.lock */ = {
			isa = PBXShellScriptBuildPhase;
			buildActionMask = 2147483647;
			files = (
			);
			inputFileListPaths = (
			);
			inputPaths = (
				"${PODS_PODFILE_DIR_PATH}/Podfile.lock",
				"${PODS_ROOT}/Manifest.lock",
			);
			name = "[CP] Check Pods Manifest.lock";
			outputFileListPaths = (
			);
			outputPaths = (
				"$(DERIVED_FILE_DIR)/Pods-OClock-OClockUITests-checkManifestLockResult.txt",
			);
			runOnlyForDeploymentPostprocessing = 0;
			shellPath = /bin/sh;
			shellScript = "diff \"${PODS_PODFILE_DIR_PATH}/Podfile.lock\" \"${PODS_ROOT}/Manifest.lock\" > /dev/null\nif [ $? != 0 ] ; then\n    # print error to STDERR\n    echo \"error: The sandbox is not in sync with the Podfile.lock. Run 'pod install' or update your CocoaPods installation.\" >&2\n    exit 1\nfi\n# This output is used by Xcode 'outputs' to avoid re-running this script phase.\necho \"SUCCESS\" > \"${SCRIPT_OUTPUT_FILE_0}\"\n";
			showEnvVarsInLog = 0;
		};
		9696DCDED37B85347B2CBD35 /* [CP] Check Pods Manifest.lock */ = {
			isa = PBXShellScriptBuildPhase;
			buildActionMask = 2147483647;
			files = (
			);
			inputFileListPaths = (
			);
			inputPaths = (
				"${PODS_PODFILE_DIR_PATH}/Podfile.lock",
				"${PODS_ROOT}/Manifest.lock",
			);
			name = "[CP] Check Pods Manifest.lock";
			outputFileListPaths = (
			);
			outputPaths = (
				"$(DERIVED_FILE_DIR)/Pods-OClockTests-checkManifestLockResult.txt",
			);
			runOnlyForDeploymentPostprocessing = 0;
			shellPath = /bin/sh;
			shellScript = "diff \"${PODS_PODFILE_DIR_PATH}/Podfile.lock\" \"${PODS_ROOT}/Manifest.lock\" > /dev/null\nif [ $? != 0 ] ; then\n    # print error to STDERR\n    echo \"error: The sandbox is not in sync with the Podfile.lock. Run 'pod install' or update your CocoaPods installation.\" >&2\n    exit 1\nfi\n# This output is used by Xcode 'outputs' to avoid re-running this script phase.\necho \"SUCCESS\" > \"${SCRIPT_OUTPUT_FILE_0}\"\n";
			showEnvVarsInLog = 0;
		};
		B1003CFF74BA7E4D11169714 /* [CP] Check Pods Manifest.lock */ = {
			isa = PBXShellScriptBuildPhase;
			buildActionMask = 2147483647;
			files = (
			);
			inputFileListPaths = (
			);
			inputPaths = (
				"${PODS_PODFILE_DIR_PATH}/Podfile.lock",
				"${PODS_ROOT}/Manifest.lock",
			);
			name = "[CP] Check Pods Manifest.lock";
			outputFileListPaths = (
			);
			outputPaths = (
				"$(DERIVED_FILE_DIR)/Pods-OClock-checkManifestLockResult.txt",
			);
			runOnlyForDeploymentPostprocessing = 0;
			shellPath = /bin/sh;
			shellScript = "diff \"${PODS_PODFILE_DIR_PATH}/Podfile.lock\" \"${PODS_ROOT}/Manifest.lock\" > /dev/null\nif [ $? != 0 ] ; then\n    # print error to STDERR\n    echo \"error: The sandbox is not in sync with the Podfile.lock. Run 'pod install' or update your CocoaPods installation.\" >&2\n    exit 1\nfi\n# This output is used by Xcode 'outputs' to avoid re-running this script phase.\necho \"SUCCESS\" > \"${SCRIPT_OUTPUT_FILE_0}\"\n";
			showEnvVarsInLog = 0;
		};
/* End PBXShellScriptBuildPhase section */

/* Begin PBXSourcesBuildPhase section */
		9D39970C273C12FB00600544 /* Sources */ = {
			isa = PBXSourcesBuildPhase;
			buildActionMask = 2147483647;
			files = (
				9DEBDC2427E2A98C0003F579 /* ReportViewModel.swift in Sources */,
				9D399777273C13FB00600544 /* LoginView.swift in Sources */,
				9D46A4CF2784F107009FA50F /* RegisterViewService.swift in Sources */,
				9DD91716279797810015947E /* ConfigView.swift in Sources */,
				9D0686A1278A45FD0009A6B9 /* TimeDataRegisterViewModel.swift in Sources */,
				9D765BDF27419A4800AF5884 /* RFKitButton.swift in Sources */,
				9D646FCE27E11AF500375ED0 /* HealthService.swift in Sources */,
				9D7192B127C6F3A200C3849E /* PreRegisterViewController.swift in Sources */,
				9D6037B82795FE6B006B991C /* DataBase.swift in Sources */,
				9DC334BC27E5BF0200741E14 /* secReportView.swift in Sources */,
				9D68F78B278A9D970036CBAB /* RFKDividerView.swift in Sources */,
				9D39977B273C13FD00600544 /* LoginViewController.swift in Sources */,
				9D4F3DB0274570AD004D7FD8 /* RegisterView.swift in Sources */,
				9D74176A2786520A007BCF6A /* HomeViewController.swift in Sources */,
				9D06867E278A45850009A6B9 /* PersonalRegisterViewController.swift in Sources */,
				9DD9170C2797974A0015947E /* ConfigCoordinator.swift in Sources */,
				9D5D918127A257E9004FB869 /* ConfigViewService.swift in Sources */,
				9DC334B927E5B03300741E14 /* ReportTableViewCell.swift in Sources */,
				9DD91706279792FC0015947E /* tabBarCoordinator.swift in Sources */,
				9D0686AB278A4FA30009A6B9 /* RegisterModel.swift in Sources */,
				9DEF4D062796166C00750AF2 /* UserDataView.swift in Sources */,
				9DEBDC2027E2A9660003F579 /* ReportView.swift in Sources */,
				9D06866B278A3FB20009A6B9 /* LoginViewService.swift in Sources */,
				9D4F3DA527457092004D7FD8 /* RegisterViewController.swift in Sources */,
				9D068683278A45950009A6B9 /* PersonalRegisterView.swift in Sources */,
				9D46A4CA2784EF27009FA50F /* RFKolors.swift in Sources */,
				9D6091C427CC3DF40067A254 /* RFKErrorView.swift in Sources */,
				9DEBDC2627E2AAAA0003F579 /* ReportService.swift in Sources */,
				9D646FCC27E11AD600375ED0 /* HealthViewModel.swift in Sources */,
				9DD91711279797660015947E /* ConfigViewController.swift in Sources */,
				9DC334BE27E5BF1300741E14 /* secReportViewController.swift in Sources */,
				9D068692278A45C00009A6B9 /* TimeDataRegisterViewCoordinator.swift in Sources */,
				9D231BFE2797875000DCCB25 /* tabBarController.swift in Sources */,
				9DC334C227E5BF2A00741E14 /* secReportModel.swift in Sources */,
				9D068697278A45D30009A6B9 /* TimeDataRegisterViewController.swift in Sources */,
				9D06868D278A45B10009A6B9 /* PersonalRegisterViewService.swift in Sources */,
				9DEF4CF9279615AE00750AF2 /* UserDataCoordinator.swift in Sources */,
				9D40AA98279A156D009C493E /* RFKMiniLoader.swift in Sources */,
				9D0686A6278A460C0009A6B9 /* TimeDataRegisterViewService.swift in Sources */,
				9D765BBF2741786400AF5884 /* RFKGradient.swift in Sources */,
				9D068676278A45630009A6B9 /* PersonalRegisterViewCoordinator.swift in Sources */,
				9D068688278A45A10009A6B9 /* PersonalRegisterViewModel.swift in Sources */,
				9D9B9041278FACA500680D4A /* RFKSize.swift in Sources */,
				9D39977F273C140000600544 /* LognViewCoordinator.swift in Sources */,
				9D399754273C136E00600544 /* AppDelegate.swift in Sources */,
				9DA2D1C327DA69180045171E /* NotificationCentral.swift in Sources */,
				9D4F3D9627456DF0004D7FD8 /* CoordinatorProtocol.swift in Sources */,
				9D4F3DAA2745709F004D7FD8 /* RegisterViewModel.swift in Sources */,
				9D399783273C140300600544 /* LoginViewModel.swift in Sources */,
				9D646FC827E11AB000375ED0 /* HealthViewController.swift in Sources */,
				9D7E7CD127922C7C00336E2B /* HomeModel.swift in Sources */,
				9DEF4D012796162C00750AF2 /* UserDataViewController.swift in Sources */,
				9DEBDC2227E2A97C0003F579 /* ReportViewController.swift in Sources */,
				9D765BDA274198FA00AF5884 /* RFontsK.swift in Sources */,
				9D74176F27865218007BCF6A /* HomeViewCoordinator.swift in Sources */,
				9D5CCD9A27938E53000CA720 /* RFKProgress.swift in Sources */,
				9DC334C427E5BF3700741E14 /* secReportCoordinator.swift in Sources */,
				9D4F3DBB274570BE004D7FD8 /* RegisterViewCoordinator.swift in Sources */,
				9D231BF82797818700DCCB25 /* LoginModel.swift in Sources */,
				9D4EF1D327DAD206003A4583 /* TimerCentral.swift in Sources */,
				9D7E7CCC279228C400336E2B /* HomeViewService.swift in Sources */,
				9D4F3DCD2745897A004D7FD8 /* Extensions.swift in Sources */,
				9D6091C227CC37010067A254 /* RFKIndicatorView.swift in Sources */,
				9D7417792786522A007BCF6A /* HomeViewModel.swift in Sources */,
				9D231BF327977E1C00DCCB25 /* UserDefaultValue.swift in Sources */,
				9D46A4EC27850BD5009FA50F /* RFKitRoundedImageView.swift in Sources */,
				9D7192AD27C6F38600C3849E /* PreRegisterView.swift in Sources */,
				9DD9171B2797978C0015947E /* ConfigViewModel.swift in Sources */,
				9DC334C027E5BF2100741E14 /* secReportViewModel.swift in Sources */,
				9D399716273C12FB00600544 /* SceneDelegate.swift in Sources */,
				9D6324FA27D0692300C122A3 /* TimeDataRegisterModel.swift in Sources */,
				9D74177427865221007BCF6A /* HomeView.swift in Sources */,
				9D7192AB27C6F37300C3849E /* PreRegisterCoordinator.swift in Sources */,
				9D765BC4274184B600AF5884 /* RFKitTextField.swift in Sources */,
				9D06869C278A45E90009A6B9 /* TimeDataRegisterView.swift in Sources */,
				9D46DBE027C2FFAB00EA0A44 /* CustomImages.swift in Sources */,
				9DEF4D0B279616A300750AF2 /* UserDataViewModel.swift in Sources */,
				9D646FCA27E11AC100375ED0 /* HealthView.swift in Sources */,
				9D7192AF27C6F39300C3849E /* PreRegisterViewModel.swift in Sources */,
			);
			runOnlyForDeploymentPostprocessing = 0;
		};
		9D399722273C12FE00600544 /* Sources */ = {
			isa = PBXSourcesBuildPhase;
			buildActionMask = 2147483647;
			files = (
				9D39972B273C12FE00600544 /* OClockTests.swift in Sources */,
			);
			runOnlyForDeploymentPostprocessing = 0;
		};
		9D39972D273C12FE00600544 /* Sources */ = {
			isa = PBXSourcesBuildPhase;
			buildActionMask = 2147483647;
			files = (
				9D399736273C12FE00600544 /* OClockUITests.swift in Sources */,
			);
			runOnlyForDeploymentPostprocessing = 0;
		};
/* End PBXSourcesBuildPhase section */

/* Begin PBXTargetDependency section */
		9D399728273C12FE00600544 /* PBXTargetDependency */ = {
			isa = PBXTargetDependency;
			target = 9D39970F273C12FB00600544 /* OClock */;
			targetProxy = 9D399727273C12FE00600544 /* PBXContainerItemProxy */;
		};
		9D399733273C12FE00600544 /* PBXTargetDependency */ = {
			isa = PBXTargetDependency;
			target = 9D39970F273C12FB00600544 /* OClock */;
			targetProxy = 9D399732273C12FE00600544 /* PBXContainerItemProxy */;
		};
/* End PBXTargetDependency section */

/* Begin PBXVariantGroup section */
		9D39971E273C12FD00600544 /* LaunchScreen.storyboard */ = {
			isa = PBXVariantGroup;
			children = (
				9D39971F273C12FD00600544 /* Base */,
				9D9B8FD2278F97D600680D4A /* pt-BR */,
			);
			name = LaunchScreen.storyboard;
			sourceTree = "<group>";
		};
		9D9B8FDD278F983D00680D4A /* Localizable.strings */ = {
			isa = PBXVariantGroup;
			children = (
				9D9B8FDC278F983D00680D4A /* en */,
				9D9B8FE1278F984500680D4A /* pt-BR */,
			);
			name = Localizable.strings;
			sourceTree = "<group>";
		};
/* End PBXVariantGroup section */

/* Begin XCBuildConfiguration section */
		9D399738273C12FE00600544 /* Debug */ = {
			isa = XCBuildConfiguration;
			buildSettings = {
				ALWAYS_SEARCH_USER_PATHS = NO;
				CLANG_ANALYZER_LOCALIZABILITY_NONLOCALIZED = YES;
				CLANG_ANALYZER_NONNULL = YES;
				CLANG_ANALYZER_NUMBER_OBJECT_CONVERSION = YES_AGGRESSIVE;
				CLANG_CXX_LANGUAGE_STANDARD = "gnu++14";
				CLANG_CXX_LIBRARY = "libc++";
				CLANG_ENABLE_MODULES = YES;
				CLANG_ENABLE_OBJC_ARC = YES;
				CLANG_ENABLE_OBJC_WEAK = YES;
				CLANG_WARN_BLOCK_CAPTURE_AUTORELEASING = YES;
				CLANG_WARN_BOOL_CONVERSION = YES;
				CLANG_WARN_COMMA = YES;
				CLANG_WARN_CONSTANT_CONVERSION = YES;
				CLANG_WARN_DEPRECATED_OBJC_IMPLEMENTATIONS = YES;
				CLANG_WARN_DIRECT_OBJC_ISA_USAGE = YES_ERROR;
				CLANG_WARN_DOCUMENTATION_COMMENTS = YES;
				CLANG_WARN_EMPTY_BODY = YES;
				CLANG_WARN_ENUM_CONVERSION = YES;
				CLANG_WARN_INFINITE_RECURSION = YES;
				CLANG_WARN_INT_CONVERSION = YES;
				CLANG_WARN_NON_LITERAL_NULL_CONVERSION = YES;
				CLANG_WARN_OBJC_IMPLICIT_RETAIN_SELF = YES;
				CLANG_WARN_OBJC_LITERAL_CONVERSION = YES;
				CLANG_WARN_OBJC_ROOT_CLASS = YES_ERROR;
				CLANG_WARN_QUOTED_INCLUDE_IN_FRAMEWORK_HEADER = YES;
				CLANG_WARN_RANGE_LOOP_ANALYSIS = YES;
				CLANG_WARN_STRICT_PROTOTYPES = YES;
				CLANG_WARN_SUSPICIOUS_MOVE = YES;
				CLANG_WARN_UNGUARDED_AVAILABILITY = YES_AGGRESSIVE;
				CLANG_WARN_UNREACHABLE_CODE = YES;
				CLANG_WARN__DUPLICATE_METHOD_MATCH = YES;
				COPY_PHASE_STRIP = NO;
				DEBUG_INFORMATION_FORMAT = dwarf;
				ENABLE_STRICT_OBJC_MSGSEND = YES;
				ENABLE_TESTABILITY = YES;
				GCC_C_LANGUAGE_STANDARD = gnu11;
				GCC_DYNAMIC_NO_PIC = NO;
				GCC_NO_COMMON_BLOCKS = YES;
				GCC_OPTIMIZATION_LEVEL = 0;
				GCC_PREPROCESSOR_DEFINITIONS = (
					"DEBUG=1",
					"$(inherited)",
				);
				GCC_WARN_64_TO_32_BIT_CONVERSION = YES;
				GCC_WARN_ABOUT_RETURN_TYPE = YES_ERROR;
				GCC_WARN_UNDECLARED_SELECTOR = YES;
				GCC_WARN_UNINITIALIZED_AUTOS = YES_AGGRESSIVE;
				GCC_WARN_UNUSED_FUNCTION = YES;
				GCC_WARN_UNUSED_VARIABLE = YES;
				IPHONEOS_DEPLOYMENT_TARGET = 14.4;
				MTL_ENABLE_DEBUG_INFO = INCLUDE_SOURCE;
				MTL_FAST_MATH = YES;
				ONLY_ACTIVE_ARCH = YES;
				SDKROOT = iphoneos;
				SWIFT_ACTIVE_COMPILATION_CONDITIONS = DEBUG;
				SWIFT_OPTIMIZATION_LEVEL = "-Onone";
			};
			name = Debug;
		};
		9D399739273C12FE00600544 /* Release */ = {
			isa = XCBuildConfiguration;
			buildSettings = {
				ALWAYS_SEARCH_USER_PATHS = NO;
				CLANG_ANALYZER_LOCALIZABILITY_NONLOCALIZED = YES;
				CLANG_ANALYZER_NONNULL = YES;
				CLANG_ANALYZER_NUMBER_OBJECT_CONVERSION = YES_AGGRESSIVE;
				CLANG_CXX_LANGUAGE_STANDARD = "gnu++14";
				CLANG_CXX_LIBRARY = "libc++";
				CLANG_ENABLE_MODULES = YES;
				CLANG_ENABLE_OBJC_ARC = YES;
				CLANG_ENABLE_OBJC_WEAK = YES;
				CLANG_WARN_BLOCK_CAPTURE_AUTORELEASING = YES;
				CLANG_WARN_BOOL_CONVERSION = YES;
				CLANG_WARN_COMMA = YES;
				CLANG_WARN_CONSTANT_CONVERSION = YES;
				CLANG_WARN_DEPRECATED_OBJC_IMPLEMENTATIONS = YES;
				CLANG_WARN_DIRECT_OBJC_ISA_USAGE = YES_ERROR;
				CLANG_WARN_DOCUMENTATION_COMMENTS = YES;
				CLANG_WARN_EMPTY_BODY = YES;
				CLANG_WARN_ENUM_CONVERSION = YES;
				CLANG_WARN_INFINITE_RECURSION = YES;
				CLANG_WARN_INT_CONVERSION = YES;
				CLANG_WARN_NON_LITERAL_NULL_CONVERSION = YES;
				CLANG_WARN_OBJC_IMPLICIT_RETAIN_SELF = YES;
				CLANG_WARN_OBJC_LITERAL_CONVERSION = YES;
				CLANG_WARN_OBJC_ROOT_CLASS = YES_ERROR;
				CLANG_WARN_QUOTED_INCLUDE_IN_FRAMEWORK_HEADER = YES;
				CLANG_WARN_RANGE_LOOP_ANALYSIS = YES;
				CLANG_WARN_STRICT_PROTOTYPES = YES;
				CLANG_WARN_SUSPICIOUS_MOVE = YES;
				CLANG_WARN_UNGUARDED_AVAILABILITY = YES_AGGRESSIVE;
				CLANG_WARN_UNREACHABLE_CODE = YES;
				CLANG_WARN__DUPLICATE_METHOD_MATCH = YES;
				COPY_PHASE_STRIP = NO;
				DEBUG_INFORMATION_FORMAT = "dwarf-with-dsym";
				ENABLE_NS_ASSERTIONS = NO;
				ENABLE_STRICT_OBJC_MSGSEND = YES;
				GCC_C_LANGUAGE_STANDARD = gnu11;
				GCC_NO_COMMON_BLOCKS = YES;
				GCC_WARN_64_TO_32_BIT_CONVERSION = YES;
				GCC_WARN_ABOUT_RETURN_TYPE = YES_ERROR;
				GCC_WARN_UNDECLARED_SELECTOR = YES;
				GCC_WARN_UNINITIALIZED_AUTOS = YES_AGGRESSIVE;
				GCC_WARN_UNUSED_FUNCTION = YES;
				GCC_WARN_UNUSED_VARIABLE = YES;
				IPHONEOS_DEPLOYMENT_TARGET = 14.4;
				MTL_ENABLE_DEBUG_INFO = NO;
				MTL_FAST_MATH = YES;
				SDKROOT = iphoneos;
				SWIFT_COMPILATION_MODE = wholemodule;
				SWIFT_OPTIMIZATION_LEVEL = "-O";
				VALIDATE_PRODUCT = YES;
			};
			name = Release;
		};
		9D39973B273C12FE00600544 /* Debug */ = {
			isa = XCBuildConfiguration;
			baseConfigurationReference = B9E3AC5C9E42F0185B9A9B30 /* Pods-OClock.debug.xcconfig */;
			buildSettings = {
				ASSETCATALOG_COMPILER_APPICON_NAME = AppIcon;
				ASSETCATALOG_COMPILER_GLOBAL_ACCENT_COLOR_NAME = AccentColor;
				CODE_SIGN_STYLE = Automatic;
				DEVELOPMENT_TEAM = 49M73U85TS;
				INFOPLIST_FILE = OClock/Info.plist;
				LD_RUNPATH_SEARCH_PATHS = (
					"$(inherited)",
					"@executable_path/Frameworks",
				);
				PRODUCT_BUNDLE_IDENTIFIER = br.com.oclock;
				PRODUCT_NAME = "$(TARGET_NAME)";
				SWIFT_VERSION = 5.0;
				TARGETED_DEVICE_FAMILY = 1;
			};
			name = Debug;
		};
		9D39973C273C12FE00600544 /* Release */ = {
			isa = XCBuildConfiguration;
			baseConfigurationReference = 8D3FDD809C87958DA008105F /* Pods-OClock.release.xcconfig */;
			buildSettings = {
				ASSETCATALOG_COMPILER_APPICON_NAME = AppIcon;
				ASSETCATALOG_COMPILER_GLOBAL_ACCENT_COLOR_NAME = AccentColor;
				CODE_SIGN_STYLE = Automatic;
				DEVELOPMENT_TEAM = 49M73U85TS;
				INFOPLIST_FILE = OClock/Info.plist;
				LD_RUNPATH_SEARCH_PATHS = (
					"$(inherited)",
					"@executable_path/Frameworks",
				);
				PRODUCT_BUNDLE_IDENTIFIER = br.com.oclock;
				PRODUCT_NAME = "$(TARGET_NAME)";
				SWIFT_VERSION = 5.0;
				TARGETED_DEVICE_FAMILY = 1;
			};
			name = Release;
		};
		9D39973E273C12FE00600544 /* Debug */ = {
			isa = XCBuildConfiguration;
			baseConfigurationReference = FEEDB1F8E9B1D66C3C4FAB2B /* Pods-OClockTests.debug.xcconfig */;
			buildSettings = {
				ALWAYS_EMBED_SWIFT_STANDARD_LIBRARIES = YES;
				BUNDLE_LOADER = "$(TEST_HOST)";
				CODE_SIGN_STYLE = Automatic;
				DEVELOPMENT_TEAM = 49M73U85TS;
				INFOPLIST_FILE = OClockTests/Info.plist;
				IPHONEOS_DEPLOYMENT_TARGET = 14.4;
				LD_RUNPATH_SEARCH_PATHS = (
					"$(inherited)",
					"@executable_path/Frameworks",
					"@loader_path/Frameworks",
				);
				PRODUCT_BUNDLE_IDENTIFIER = br.com.OClock.OClockTests;
				PRODUCT_NAME = "$(TARGET_NAME)";
				SWIFT_VERSION = 5.0;
				TARGETED_DEVICE_FAMILY = "1,2";
				TEST_HOST = "$(BUILT_PRODUCTS_DIR)/OClock.app/OClock";
			};
			name = Debug;
		};
		9D39973F273C12FE00600544 /* Release */ = {
			isa = XCBuildConfiguration;
			baseConfigurationReference = 18E3AA3EF39A074F3F5ECDF6 /* Pods-OClockTests.release.xcconfig */;
			buildSettings = {
				ALWAYS_EMBED_SWIFT_STANDARD_LIBRARIES = YES;
				BUNDLE_LOADER = "$(TEST_HOST)";
				CODE_SIGN_STYLE = Automatic;
				DEVELOPMENT_TEAM = 49M73U85TS;
				INFOPLIST_FILE = OClockTests/Info.plist;
				IPHONEOS_DEPLOYMENT_TARGET = 14.4;
				LD_RUNPATH_SEARCH_PATHS = (
					"$(inherited)",
					"@executable_path/Frameworks",
					"@loader_path/Frameworks",
				);
				PRODUCT_BUNDLE_IDENTIFIER = br.com.OClock.OClockTests;
				PRODUCT_NAME = "$(TARGET_NAME)";
				SWIFT_VERSION = 5.0;
				TARGETED_DEVICE_FAMILY = "1,2";
				TEST_HOST = "$(BUILT_PRODUCTS_DIR)/OClock.app/OClock";
			};
			name = Release;
		};
		9D399741273C12FE00600544 /* Debug */ = {
			isa = XCBuildConfiguration;
			baseConfigurationReference = 2D4A291902B93705CA4318C3 /* Pods-OClock-OClockUITests.debug.xcconfig */;
			buildSettings = {
				ALWAYS_EMBED_SWIFT_STANDARD_LIBRARIES = YES;
				CODE_SIGN_STYLE = Automatic;
				DEVELOPMENT_TEAM = 49M73U85TS;
				INFOPLIST_FILE = OClockUITests/Info.plist;
				LD_RUNPATH_SEARCH_PATHS = (
					"$(inherited)",
					"@executable_path/Frameworks",
					"@loader_path/Frameworks",
				);
				PRODUCT_BUNDLE_IDENTIFIER = br.com.OClock.OClockUITests;
				PRODUCT_NAME = "$(TARGET_NAME)";
				SWIFT_VERSION = 5.0;
				TARGETED_DEVICE_FAMILY = "1,2";
				TEST_TARGET_NAME = OClock;
			};
			name = Debug;
		};
		9D399742273C12FE00600544 /* Release */ = {
			isa = XCBuildConfiguration;
			baseConfigurationReference = 21E4A428FCFB6F8F9FD652EE /* Pods-OClock-OClockUITests.release.xcconfig */;
			buildSettings = {
				ALWAYS_EMBED_SWIFT_STANDARD_LIBRARIES = YES;
				CODE_SIGN_STYLE = Automatic;
				DEVELOPMENT_TEAM = 49M73U85TS;
				INFOPLIST_FILE = OClockUITests/Info.plist;
				LD_RUNPATH_SEARCH_PATHS = (
					"$(inherited)",
					"@executable_path/Frameworks",
					"@loader_path/Frameworks",
				);
				PRODUCT_BUNDLE_IDENTIFIER = br.com.OClock.OClockUITests;
				PRODUCT_NAME = "$(TARGET_NAME)";
				SWIFT_VERSION = 5.0;
				TARGETED_DEVICE_FAMILY = "1,2";
				TEST_TARGET_NAME = OClock;
			};
			name = Release;
		};
/* End XCBuildConfiguration section */

/* Begin XCConfigurationList section */
		9D39970B273C12FB00600544 /* Build configuration list for PBXProject "OClock" */ = {
			isa = XCConfigurationList;
			buildConfigurations = (
				9D399738273C12FE00600544 /* Debug */,
				9D399739273C12FE00600544 /* Release */,
			);
			defaultConfigurationIsVisible = 0;
			defaultConfigurationName = Release;
		};
		9D39973A273C12FE00600544 /* Build configuration list for PBXNativeTarget "OClock" */ = {
			isa = XCConfigurationList;
			buildConfigurations = (
				9D39973B273C12FE00600544 /* Debug */,
				9D39973C273C12FE00600544 /* Release */,
			);
			defaultConfigurationIsVisible = 0;
			defaultConfigurationName = Release;
		};
		9D39973D273C12FE00600544 /* Build configuration list for PBXNativeTarget "OClockTests" */ = {
			isa = XCConfigurationList;
			buildConfigurations = (
				9D39973E273C12FE00600544 /* Debug */,
				9D39973F273C12FE00600544 /* Release */,
			);
			defaultConfigurationIsVisible = 0;
			defaultConfigurationName = Release;
		};
		9D399740273C12FE00600544 /* Build configuration list for PBXNativeTarget "OClockUITests" */ = {
			isa = XCConfigurationList;
			buildConfigurations = (
				9D399741273C12FE00600544 /* Debug */,
				9D399742273C12FE00600544 /* Release */,
			);
			defaultConfigurationIsVisible = 0;
			defaultConfigurationName = Release;
		};
/* End XCConfigurationList section */
	};
	rootObject = 9D399708273C12FB00600544 /* Project object */;
}
